
Microsoft Visual Studio Solution File, Format Version 12.00
# Visual Studio 14
VisualStudioVersion = 14.0.25420.1
MinimumVisualStudioVersion = 10.0.40219.1
Project("{FAE04EC0-301F-11D3-BF4B-00C04F79EFBC}") = "FamilyTree", "FamilyTree\FamilyTree.csproj", "{139EFB3E-2878-40E0-A6DC-8537F60C9884}"
EndProject
Project("{FAE04EC0-301F-11D3-BF4B-00C04F79EFBC}") = "UnitTest", "UnitTest\UnitTest.csproj", "{95D95968-6CDA-40EB-A0DE-2774344039E5}"
EndProject
Global
	GlobalSection(SolutionConfigurationPlatforms) = preSolution
		Debug|Any CPU = Debug|Any CPU
		Release|Any CPU = Release|Any CPU
	EndGlobalSection
	GlobalSection(ProjectConfigurationPlatforms) = postSolution
		{139EFB3E-2878-40E0-A6DC-8537F60C9884}.Debug|Any CPU.ActiveCfg = Debug|Any CPU
		{139EFB3E-2878-40E0-A6DC-8537F60C9884}.Debug|Any CPU.Build.0 = Debug|Any CPU
		{139EFB3E-2878-40E0-A6DC-8537F60C9884}.Release|Any CPU.ActiveCfg = Release|Any CPU
		{139EFB3E-2878-40E0-A6DC-8537F60C9884}.Release|Any CPU.Build.0 = Release|Any CPU
		{95D95968-6CDA-40EB-A0DE-2774344039E5}.Debug|Any CPU.ActiveCfg = Debug|Any CPU
		{95D95968-6CDA-40EB-A0DE-2774344039E5}.Debug|Any CPU.Build.0 = Debug|Any CPU
		{95D95968-6CDA-40EB-A0DE-2774344039E5}.Release|Any CPU.ActiveCfg = Release|Any CPU
		{95D95968-6CDA-40EB-A0DE-2774344039E5}.Release|Any CPU.Build.0 = Release|Any CPU
	EndGlobalSection
	GlobalSection(SolutionProperties) = preSolution
		HideSolutionNode = FALSE
	EndGlobalSection
	GlobalSection(TeamFoundationVersionControl) = preSolution
		SccNumberOfProjects = 3
		SccEnterpriseProvider = {4CA58AB2-18FA-4F8D-95D4-32DDF27D184C}
		SccTeamFoundationServer = https://tfs-fm-04.devtools.intel.com/tfs/defaultcollection_tfs04
		SccLocalPath0 = .
		SccProjectUniqueName1 = FamilyTree\\FamilyTree.csproj
		SccProjectName1 = FamilyTree
		SccLocalPath1 = FamilyTree
		SccProjectUniqueName2 = UnitTest\\UnitTest.csproj
		SccProjectName2 = UnitTest
		SccLocalPath2 = UnitTest
	EndGlobalSection
EndGlobal
